
Microsoft Visual Studio Solution File, Format Version 12.00
# Visual Studio Version 16
VisualStudioVersion = 16.0.30711.63
MinimumVisualStudioVersion = 10.0.40219.1
Project("{9A19103F-16F7-4668-BE54-9A1E7A4F7556}") = "Sandbox.MediatR.Behaviours.API", "Sandbox.MediatR.Behaviours.API.csproj", "{498589FD-5928-4893-A05F-5227A35AF6B7}"
EndProject
Global
	GlobalSection(SolutionConfigurationPlatforms) = preSolution
		Debug|Any CPU = Debug|Any CPU
		Release|Any CPU = Release|Any CPU
	EndGlobalSection
	GlobalSection(ProjectConfigurationPlatforms) = postSolution
		{498589FD-5928-4893-A05F-5227A35AF6B7}.Debug|Any CPU.ActiveCfg = Debug|Any CPU
		{498589FD-5928-4893-A05F-5227A35AF6B7}.Debug|Any CPU.Build.0 = Debug|Any CPU
		{498589FD-5928-4893-A05F-5227A35AF6B7}.Release|Any CPU.ActiveCfg = Release|Any CPU
		{498589FD-5928-4893-A05F-5227A35AF6B7}.Release|Any CPU.Build.0 = Release|Any CPU
	EndGlobalSection
	GlobalSection(SolutionProperties) = preSolution
		HideSolutionNode = FALSE
	EndGlobalSection
	GlobalSection(ExtensibilityGlobals) = postSolution
		SolutionGuid = {0CA3F5FB-B916-4964-B666-41F60E3A1931}
	EndGlobalSection
EndGlobal
